
Microsoft Visual Studio Solution File, Format Version 12.00
# Visual Studio 15
VisualStudioVersion = 15.0.27428.2037
MinimumVisualStudioVersion = 10.0.40219.1
Project("{FAE04EC0-301F-11D3-BF4B-00C04F79EFBC}") = "Tetris", "Tetris\Tetris.csproj", "{A52F0E8C-73FE-4D03-92FC-3DC437062C35}"
EndProject
Global
	GlobalSection(SolutionConfigurationPlatforms) = preSolution
		Debug|Any CPU = Debug|Any CPU
		Release|Any CPU = Release|Any CPU
	EndGlobalSection
	GlobalSection(ProjectConfigurationPlatforms) = postSolution
		{A52F0E8C-73FE-4D03-92FC-3DC437062C35}.Debug|Any CPU.ActiveCfg = Debug|Any CPU
		{A52F0E8C-73FE-4D03-92FC-3DC437062C35}.Debug|Any CPU.Build.0 = Debug|Any CPU
		{A52F0E8C-73FE-4D03-92FC-3DC437062C35}.Release|Any CPU.ActiveCfg = Release|Any CPU
		{A52F0E8C-73FE-4D03-92FC-3DC437062C35}.Release|Any CPU.Build.0 = Release|Any CPU
	EndGlobalSection
	GlobalSection(SolutionProperties) = preSolution
		HideSolutionNode = FALSE
	EndGlobalSection
	GlobalSection(ExtensibilityGlobals) = postSolution
		SolutionGuid = {E680D07A-A0E1-4AAD-89E2-70C96FE6EC1D}
	EndGlobalSection
EndGlobal
